{
    "_readme": [
        "This file locks the dependencies of your project to a known state",
        "Read more about it at https://getcomposer.org/doc/01-basic-usage.md#installing-dependencies",
        "This file is @generated automatically"
    ],
    "content-hash": "61ea66e766de5d9985bc3bf1f6f254d6",
    "packages": [
        {
            "name": "cube-group/myaf-core",
            "version": "v0.0.3",
            "source": {
                "type": "git",
                "url": "https://github.com/cube-group/myaf-core.git",
                "reference": "bcd1070bd09f4743d9100c404837b94cd3da01cf"
            },
            "dist": {
                "type": "zip",
                "url": "https://files.phpcomposer.com/files/cube-group/myaf-core/bcd1070bd09f4743d9100c404837b94cd3da01cf.zip",
                "reference": "bcd1070bd09f4743d9100c404837b94cd3da01cf",
                "shasum": ""
            },
            "require": {
                "cube-group/myaf-log": "*",
                "cube-group/myaf-net": "*",
                "cube-group/myaf-utils": "*",
                "mongodb/mongodb": "^1.3.2",
                "php": ">=5.6"
            },
            "type": "library",
            "autoload": {
                "psr-4": {
                    "Myaf\\Core\\": "src/core/",
                    "Myaf\\Cache\\": "src/cache/",
                    "Myaf\\Mongo\\": "src/mongo/",
                    "Myaf\\MQ\\": "src/mq/",
                    "Myaf\\Mysql\\": "src/mysql/",
                    "Myaf\\Pool\\": "src/pool/",
                    "Myaf\\Session\\": "src/session/"
                }
            },
            "notification-url": "https://packagist.org/downloads/",
            "license": [
                "MIT"
            ],
            "authors": [
                {
                    "name": "linyang",
                    "email": "linyangflash@163.com"
                },
                {
                    "name": "chenqionghe"
                }
            ],
            "description": "core",
            "keywords": [
                "base"
            ],
            "time": "2018-05-06T04:39:45+00:00"
        },
        {
            "name": "cube-group/myaf-log",
            "version": "v0.0.5",
            "source": {
                "type": "git",
                "url": "https://github.com/cube-group/myaf-log.git",
                "reference": "78120be804e5078cd408a54ccc1c71ec1cf324b2"
            },
            "dist": {
                "type": "zip",
                "url": "https://files.phpcomposer.com/files/cube-group/myaf-log/78120be804e5078cd408a54ccc1c71ec1cf324b2.zip",
                "reference": "78120be804e5078cd408a54ccc1c71ec1cf324b2",
                "shasum": ""
            },
            "require": {
                "php": ">=5.6"
            },
            "type": "library",
            "autoload": {
                "psr-4": {
                    "Myaf\\Log\\": "src/"
                }
            },
            "notification-url": "https://packagist.org/downloads/",
            "license": [
                "MIT"
            ],
            "authors": [
                {
                    "name": "linyang",
                    "email": "linyangflash@163.com"
                },
                {
                    "name": "chenqionghe",
                    "email": "chenqionghe@sina.com"
                }
            ],
            "description": "log",
            "keywords": [
                "base"
            ],
            "time": "2018-05-11T07:46:12+00:00"
        },
        {
            "name": "cube-group/myaf-net",
            "version": "v0.0.2",
            "source": {
                "type": "git",
                "url": "https://github.com/cube-group/myaf-net.git",
                "reference": "0ad9b06e5aa5930dbc8ca90708d8249e2685c4d7"
            },
            "dist": {
                "type": "zip",
                "url": "https://files.phpcomposer.com/files/cube-group/myaf-net/0ad9b06e5aa5930dbc8ca90708d8249e2685c4d7.zip",
                "reference": "0ad9b06e5aa5930dbc8ca90708d8249e2685c4d7",
                "shasum": ""
            },
            "require": {
                "cube-group/myaf-log": "*",
                "cube-group/myaf-utils": "*"
            },
            "type": "library",
            "autoload": {
                "psr-4": {
                    "Myaf\\Net\\": "src/"
                }
            },
            "notification-url": "https://packagist.org/downloads/",
            "license": [
                "MIT"
            ],
            "authors": [
                {
                    "name": "linyang",
                    "email": "linyangflash@163.com"
                },
                {
                    "name": "chenqionghe"
                }
            ],
            "description": "net",
            "keywords": [
                "base"
            ],
            "time": "2018-05-05T11:33:38+00:00"
        },
        {
            "name": "cube-group/myaf-utils",
            "version": "v0.0.2",
            "source": {
                "type": "git",
                "url": "https://github.com/cube-group/myaf-utils.git",
                "reference": "b8dacf5d5a56868d18444e52cdc71006278e4f50"
            },
            "dist": {
                "type": "zip",
                "url": "https://files.phpcomposer.com/files/cube-group/myaf-utils/b8dacf5d5a56868d18444e52cdc71006278e4f50.zip",
                "reference": "b8dacf5d5a56868d18444e52cdc71006278e4f50",
                "shasum": ""
            },
            "type": "library",
            "autoload": {
                "psr-4": {
                    "Myaf\\Utils\\": "src/"
                }
            },
            "notification-url": "https://packagist.org/downloads/",
            "license": [
                "MIT"
            ],
            "authors": [
                {
                    "name": "linyang",
                    "email": "linyangflash@163.com"
                },
                {
                    "name": "chenqionghe"
                }
            ],
            "description": "utils",
            "keywords": [
                "base"
            ],
            "time": "2018-05-05T11:36:11+00:00"
        },
        {
            "name": "mongodb/mongodb",
            "version": "1.3.2",
            "source": {
                "type": "git",
                "url": "https://github.com/mongodb/mongo-php-library.git",
                "reference": "b9f35916125976533f4b1e67a4a0ee7baf1d3bb9"
            },
            "dist": {
                "type": "zip",
                "url": "https://files.phpcomposer.com/files/mongodb/mongo-php-library/b9f35916125976533f4b1e67a4a0ee7baf1d3bb9.zip",
                "reference": "b9f35916125976533f4b1e67a4a0ee7baf1d3bb9",
                "shasum": ""
            },
            "require": {
                "ext-hash": "*",
                "ext-json": "*",
                "ext-mongodb": "^1.4.0",
                "php": ">=5.5"
            },
            "require-dev": {
                "phpunit/phpunit": "^4.8.36 || ^6.4"
            },
            "type": "library",
            "extra": {
                "branch-alias": {
                    "dev-master": "1.3.x-dev"
                }
            },
            "autoload": {
                "psr-4": {
                    "MongoDB\\": "src/"
                },
                "files": [
                    "src/functions.php"
                ]
            },
            "notification-url": "https://packagist.org/downloads/",
            "license": [
                "Apache-2.0"
            ],
            "authors": [
                {
                    "name": "Jeremy Mikola",
                    "email": "jmikola@gmail.com"
                },
                {
                    "name": "Derick Rethans",
                    "email": "github@derickrethans.nl"
                },
                {
                    "name": "Katherine Walker",
                    "email": "katherine.walker@mongodb.com"
                }
            ],
            "description": "MongoDB driver library",
            "homepage": "https://jira.mongodb.org/browse/PHPLIB",
            "keywords": [
                "database",
                "driver",
                "mongodb",
                "persistence"
            ],
            "time": "2018-04-19T17:20:30+00:00"
        }
    ],
    "packages-dev": [],
    "aliases": [],
    "minimum-stability": "stable",
    "stability-flags": [],
    "prefer-stable": false,
    "prefer-lowest": false,
    "platform": [],
    "platform-dev": []
}
